
Microsoft Visual Studio Solution File, Format Version 12.00
# Visual Studio 15
VisualStudioVersion = 15.0.27428.2043
MinimumVisualStudioVersion = 10.0.40219.1
Project("{FAE04EC0-301F-11D3-BF4B-00C04F79EFBC}") = "ContourPlateBridge", "ContourPlateBridge\ContourPlateBridge.csproj", "{D6ABBDA1-8A59-4A9A-B433-FAF25B3C91AA}"
EndProject
Global
	GlobalSection(SolutionConfigurationPlatforms) = preSolution
		Debug|Any CPU = Debug|Any CPU
		Release|Any CPU = Release|Any CPU
	EndGlobalSection
	GlobalSection(ProjectConfigurationPlatforms) = postSolution
		{D6ABBDA1-8A59-4A9A-B433-FAF25B3C91AA}.Debug|Any CPU.ActiveCfg = Debug|Any CPU
		{D6ABBDA1-8A59-4A9A-B433-FAF25B3C91AA}.Debug|Any CPU.Build.0 = Debug|Any CPU
		{D6ABBDA1-8A59-4A9A-B433-FAF25B3C91AA}.Release|Any CPU.ActiveCfg = Release|Any CPU
		{D6ABBDA1-8A59-4A9A-B433-FAF25B3C91AA}.Release|Any CPU.Build.0 = Release|Any CPU
	EndGlobalSection
	GlobalSection(SolutionProperties) = preSolution
		HideSolutionNode = FALSE
	EndGlobalSection
	GlobalSection(ExtensibilityGlobals) = postSolution
		SolutionGuid = {7078608E-3295-4467-A26B-6D8ECF41AA9C}
	EndGlobalSection
EndGlobal
